
Microsoft Visual Studio Solution File, Format Version 12.00
# Visual Studio Version 17
VisualStudioVersion = 17.6.33706.43
MinimumVisualStudioVersion = 10.0.40219.1
Project("{9A19103F-16F7-4668-BE54-9A1E7A4F7556}") = "Api", "FitBoss.Api\Api.csproj", "{0A1A6DDF-9836-49DC-94A7-569217900617}"
EndProject
Project("{2150E333-8FDC-42A3-9474-1A3956D46DE8}") = "src", "src", "{B5C0A3CC-15A6-4D59-9824-F5D898B8C9CC}"
EndProject
Project("{9A19103F-16F7-4668-BE54-9A1E7A4F7556}") = "Domain", "FitBoss.Domain\Domain.csproj", "{0AD5477A-29DF-4448-A0F0-9A9B307949D1}"
EndProject
Project("{9A19103F-16F7-4668-BE54-9A1E7A4F7556}") = "Application", "FitBoss.Application\Application.csproj", "{B4BFADEA-275B-4941-B5B4-43245C6116C1}"
EndProject
Project("{9A19103F-16F7-4668-BE54-9A1E7A4F7556}") = "Persistence", "Persistence\Persistence.csproj", "{110B79F6-56B7-4972-96A7-881553EBE210}"
EndProject
Project("{9A19103F-16F7-4668-BE54-9A1E7A4F7556}") = "Shared", "Shared\Shared.csproj", "{CE8A4499-C8DE-42A8-AF6A-BD709B4E2013}"
EndProject
Project("{2150E333-8FDC-42A3-9474-1A3956D46DE8}") = "tests", "tests", "{5AB1956F-DE09-4548-99EE-B79FF4FA2EB9}"
EndProject
Project("{9A19103F-16F7-4668-BE54-9A1E7A4F7556}") = "Application.UnitTests", "Application.UnitTests\Application.UnitTests.csproj", "{C2686C07-377D-479A-9D38-5F07FFCA2722}"
EndProject
Project("{9A19103F-16F7-4668-BE54-9A1E7A4F7556}") = "Application.IntegrationTests", "Application.IntegrationTests\Application.IntegrationTests.csproj", "{B354A024-BF44-439A-BAC7-7AEF5B4D9EBC}"
EndProject
Global
	GlobalSection(SolutionConfigurationPlatforms) = preSolution
		Debug|Any CPU = Debug|Any CPU
		Release|Any CPU = Release|Any CPU
	EndGlobalSection
	GlobalSection(ProjectConfigurationPlatforms) = postSolution
		{0A1A6DDF-9836-49DC-94A7-569217900617}.Debug|Any CPU.ActiveCfg = Debug|Any CPU
		{0A1A6DDF-9836-49DC-94A7-569217900617}.Debug|Any CPU.Build.0 = Debug|Any CPU
		{0A1A6DDF-9836-49DC-94A7-569217900617}.Release|Any CPU.ActiveCfg = Release|Any CPU
		{0A1A6DDF-9836-49DC-94A7-569217900617}.Release|Any CPU.Build.0 = Release|Any CPU
		{0AD5477A-29DF-4448-A0F0-9A9B307949D1}.Debug|Any CPU.ActiveCfg = Debug|Any CPU
		{0AD5477A-29DF-4448-A0F0-9A9B307949D1}.Debug|Any CPU.Build.0 = Debug|Any CPU
		{0AD5477A-29DF-4448-A0F0-9A9B307949D1}.Release|Any CPU.ActiveCfg = Release|Any CPU
		{0AD5477A-29DF-4448-A0F0-9A9B307949D1}.Release|Any CPU.Build.0 = Release|Any CPU
		{B4BFADEA-275B-4941-B5B4-43245C6116C1}.Debug|Any CPU.ActiveCfg = Debug|Any CPU
		{B4BFADEA-275B-4941-B5B4-43245C6116C1}.Debug|Any CPU.Build.0 = Debug|Any CPU
		{B4BFADEA-275B-4941-B5B4-43245C6116C1}.Release|Any CPU.ActiveCfg = Release|Any CPU
		{B4BFADEA-275B-4941-B5B4-43245C6116C1}.Release|Any CPU.Build.0 = Release|Any CPU
		{110B79F6-56B7-4972-96A7-881553EBE210}.Debug|Any CPU.ActiveCfg = Debug|Any CPU
		{110B79F6-56B7-4972-96A7-881553EBE210}.Debug|Any CPU.Build.0 = Debug|Any CPU
		{110B79F6-56B7-4972-96A7-881553EBE210}.Release|Any CPU.ActiveCfg = Release|Any CPU
		{110B79F6-56B7-4972-96A7-881553EBE210}.Release|Any CPU.Build.0 = Release|Any CPU
		{CE8A4499-C8DE-42A8-AF6A-BD709B4E2013}.Debug|Any CPU.ActiveCfg = Debug|Any CPU
		{CE8A4499-C8DE-42A8-AF6A-BD709B4E2013}.Debug|Any CPU.Build.0 = Debug|Any CPU
		{CE8A4499-C8DE-42A8-AF6A-BD709B4E2013}.Release|Any CPU.ActiveCfg = Release|Any CPU
		{CE8A4499-C8DE-42A8-AF6A-BD709B4E2013}.Release|Any CPU.Build.0 = Release|Any CPU
		{C2686C07-377D-479A-9D38-5F07FFCA2722}.Debug|Any CPU.ActiveCfg = Debug|Any CPU
		{C2686C07-377D-479A-9D38-5F07FFCA2722}.Debug|Any CPU.Build.0 = Debug|Any CPU
		{C2686C07-377D-479A-9D38-5F07FFCA2722}.Release|Any CPU.ActiveCfg = Release|Any CPU
		{C2686C07-377D-479A-9D38-5F07FFCA2722}.Release|Any CPU.Build.0 = Release|Any CPU
		{B354A024-BF44-439A-BAC7-7AEF5B4D9EBC}.Debug|Any CPU.ActiveCfg = Debug|Any CPU
		{B354A024-BF44-439A-BAC7-7AEF5B4D9EBC}.Debug|Any CPU.Build.0 = Debug|Any CPU
		{B354A024-BF44-439A-BAC7-7AEF5B4D9EBC}.Release|Any CPU.ActiveCfg = Release|Any CPU
		{B354A024-BF44-439A-BAC7-7AEF5B4D9EBC}.Release|Any CPU.Build.0 = Release|Any CPU
	EndGlobalSection
	GlobalSection(SolutionProperties) = preSolution
		HideSolutionNode = FALSE
	EndGlobalSection
	GlobalSection(NestedProjects) = preSolution
		{0A1A6DDF-9836-49DC-94A7-569217900617} = {B5C0A3CC-15A6-4D59-9824-F5D898B8C9CC}
		{0AD5477A-29DF-4448-A0F0-9A9B307949D1} = {B5C0A3CC-15A6-4D59-9824-F5D898B8C9CC}
		{B4BFADEA-275B-4941-B5B4-43245C6116C1} = {B5C0A3CC-15A6-4D59-9824-F5D898B8C9CC}
		{110B79F6-56B7-4972-96A7-881553EBE210} = {B5C0A3CC-15A6-4D59-9824-F5D898B8C9CC}
		{CE8A4499-C8DE-42A8-AF6A-BD709B4E2013} = {B5C0A3CC-15A6-4D59-9824-F5D898B8C9CC}
		{C2686C07-377D-479A-9D38-5F07FFCA2722} = {5AB1956F-DE09-4548-99EE-B79FF4FA2EB9}
		{B354A024-BF44-439A-BAC7-7AEF5B4D9EBC} = {5AB1956F-DE09-4548-99EE-B79FF4FA2EB9}
	EndGlobalSection
	GlobalSection(ExtensibilityGlobals) = postSolution
		SolutionGuid = {F681BD58-D5B5-4BA8-98F6-45FAFC8FE31B}
	EndGlobalSection
EndGlobal
